
Microsoft Visual Studio Solution File, Format Version 12.00
# Visual Studio Version 17
VisualStudioVersion = 17.13.35919.96
MinimumVisualStudioVersion = 10.0.40219.1
Project("{FAE04EC0-301F-11D3-BF4B-00C04F79EFBC}") = "Library.API", "Library.API\Library.API.csproj", "{82D4389E-141E-43C8-A267-CB0FE361D3B6}"
EndProject
Project("{FAE04EC0-301F-11D3-BF4B-00C04F79EFBC}") = "Library.Domain", "Library.Domain\Library.Domain.csproj", "{2763642D-801F-4A25-BF4C-5A808C68B505}"
EndProject
Project("{FAE04EC0-301F-11D3-BF4B-00C04F79EFBC}") = "Library.Application", "Library.Application\Library.Application.csproj", "{1C37D9F6-9ECB-4B29-B9E1-0273CA6B5FC8}"
EndProject
Project("{FAE04EC0-301F-11D3-BF4B-00C04F79EFBC}") = "Library.Infrastructure", "Library.Infrastructure\Library.Infrastructure.csproj", "{7F9732F3-E898-4333-9C95-85F08D4F6C70}"
EndProject
Project("{FAE04EC0-301F-11D3-BF4B-00C04F79EFBC}") = "Library.Common", "Library.Common\Library.Common.csproj", "{6AD422DE-E85E-41AE-A2CE-E471C619DAFD}"
EndProject
Global
	GlobalSection(SolutionConfigurationPlatforms) = preSolution
		Debug|Any CPU = Debug|Any CPU
		Release|Any CPU = Release|Any CPU
	EndGlobalSection
	GlobalSection(ProjectConfigurationPlatforms) = postSolution
		{82D4389E-141E-43C8-A267-CB0FE361D3B6}.Debug|Any CPU.ActiveCfg = Debug|Any CPU
		{82D4389E-141E-43C8-A267-CB0FE361D3B6}.Debug|Any CPU.Build.0 = Debug|Any CPU
		{82D4389E-141E-43C8-A267-CB0FE361D3B6}.Release|Any CPU.ActiveCfg = Release|Any CPU
		{82D4389E-141E-43C8-A267-CB0FE361D3B6}.Release|Any CPU.Build.0 = Release|Any CPU
		{2763642D-801F-4A25-BF4C-5A808C68B505}.Debug|Any CPU.ActiveCfg = Debug|Any CPU
		{2763642D-801F-4A25-BF4C-5A808C68B505}.Debug|Any CPU.Build.0 = Debug|Any CPU
		{2763642D-801F-4A25-BF4C-5A808C68B505}.Release|Any CPU.ActiveCfg = Release|Any CPU
		{2763642D-801F-4A25-BF4C-5A808C68B505}.Release|Any CPU.Build.0 = Release|Any CPU
		{1C37D9F6-9ECB-4B29-B9E1-0273CA6B5FC8}.Debug|Any CPU.ActiveCfg = Debug|Any CPU
		{1C37D9F6-9ECB-4B29-B9E1-0273CA6B5FC8}.Debug|Any CPU.Build.0 = Debug|Any CPU
		{1C37D9F6-9ECB-4B29-B9E1-0273CA6B5FC8}.Release|Any CPU.ActiveCfg = Release|Any CPU
		{1C37D9F6-9ECB-4B29-B9E1-0273CA6B5FC8}.Release|Any CPU.Build.0 = Release|Any CPU
		{7F9732F3-E898-4333-9C95-85F08D4F6C70}.Debug|Any CPU.ActiveCfg = Debug|Any CPU
		{7F9732F3-E898-4333-9C95-85F08D4F6C70}.Debug|Any CPU.Build.0 = Debug|Any CPU
		{7F9732F3-E898-4333-9C95-85F08D4F6C70}.Release|Any CPU.ActiveCfg = Release|Any CPU
		{7F9732F3-E898-4333-9C95-85F08D4F6C70}.Release|Any CPU.Build.0 = Release|Any CPU
		{6AD422DE-E85E-41AE-A2CE-E471C619DAFD}.Debug|Any CPU.ActiveCfg = Debug|Any CPU
		{6AD422DE-E85E-41AE-A2CE-E471C619DAFD}.Debug|Any CPU.Build.0 = Debug|Any CPU
		{6AD422DE-E85E-41AE-A2CE-E471C619DAFD}.Release|Any CPU.ActiveCfg = Release|Any CPU
		{6AD422DE-E85E-41AE-A2CE-E471C619DAFD}.Release|Any CPU.Build.0 = Release|Any CPU
	EndGlobalSection
	GlobalSection(SolutionProperties) = preSolution
		HideSolutionNode = FALSE
	EndGlobalSection
	GlobalSection(ExtensibilityGlobals) = postSolution
		SolutionGuid = {74F7FDEA-5023-4D9B-BDF2-8B8945AA2AA5}
	EndGlobalSection
EndGlobal
